
Microsoft Visual Studio Solution File, Format Version 12.00
# Visual Studio Version 17
VisualStudioVersion = 17.12.35707.178 d17.12
MinimumVisualStudioVersion = 10.0.40219.1
Project("{FAE04EC0-301F-11D3-BF4B-00C04F79EFBC}") = "PlanPicker", "PlanPicker.csproj", "{F971FAC9-98C2-4CE4-8ECC-5DF08D7BFB63}"
EndProject
Global
	GlobalSection(SolutionConfigurationPlatforms) = preSolution
		Debug|Any CPU = Debug|Any CPU
		Release|Any CPU = Release|Any CPU
	EndGlobalSection
	GlobalSection(ProjectConfigurationPlatforms) = postSolution
		{F971FAC9-98C2-4CE4-8ECC-5DF08D7BFB63}.Debug|Any CPU.ActiveCfg = Debug|Any CPU
		{F971FAC9-98C2-4CE4-8ECC-5DF08D7BFB63}.Debug|Any CPU.Build.0 = Debug|Any CPU
		{F971FAC9-98C2-4CE4-8ECC-5DF08D7BFB63}.Debug|Any CPU.Deploy.0 = Debug|Any CPU
		{F971FAC9-98C2-4CE4-8ECC-5DF08D7BFB63}.Release|Any CPU.ActiveCfg = Release|Any CPU
		{F971FAC9-98C2-4CE4-8ECC-5DF08D7BFB63}.Release|Any CPU.Build.0 = Release|Any CPU
		{F971FAC9-98C2-4CE4-8ECC-5DF08D7BFB63}.Release|Any CPU.Deploy.0 = Release|Any CPU
	EndGlobalSection
	GlobalSection(SolutionProperties) = preSolution
		HideSolutionNode = FALSE
	EndGlobalSection
EndGlobal
